
Microsoft Visual Studio Solution File, Format Version 12.00
# Visual Studio 15
VisualStudioVersion = 15.0.27703.2000
MinimumVisualStudioVersion = 10.0.40219.1
Project("{FAE04EC0-301F-11D3-BF4B-00C04F79EFBC}") = "CSV_Upload_Files", "CSV_Upload_Files\CSV_Upload_Files.csproj", "{76B15FD1-1D01-499F-8479-1D6A5BB7E37A}"
EndProject
Global
	GlobalSection(SolutionConfigurationPlatforms) = preSolution
		Debug|Any CPU = Debug|Any CPU
		Release|Any CPU = Release|Any CPU
	EndGlobalSection
	GlobalSection(ProjectConfigurationPlatforms) = postSolution
		{76B15FD1-1D01-499F-8479-1D6A5BB7E37A}.Debug|Any CPU.ActiveCfg = Debug|Any CPU
		{76B15FD1-1D01-499F-8479-1D6A5BB7E37A}.Debug|Any CPU.Build.0 = Debug|Any CPU
		{76B15FD1-1D01-499F-8479-1D6A5BB7E37A}.Release|Any CPU.ActiveCfg = Release|Any CPU
		{76B15FD1-1D01-499F-8479-1D6A5BB7E37A}.Release|Any CPU.Build.0 = Release|Any CPU
	EndGlobalSection
	GlobalSection(SolutionProperties) = preSolution
		HideSolutionNode = FALSE
	EndGlobalSection
	GlobalSection(ExtensibilityGlobals) = postSolution
		SolutionGuid = {B9ACC575-0139-4341-AF54-E8A5C4F46C27}
	EndGlobalSection
EndGlobal
